<?xml version="1.0" encoding="utf-8"?>
<Project ToolsVersion="4.0" xmlns="http://schemas.microsoft.com/developer/msbuild/2003">
  <ItemGroup>
    <ClCompile Include="src\main.cpp" />
    <ClCompile Include="src\materials\PhongMaterial.cpp" />
    <ClCompile Include="src\materials\TerrainMaterial.cpp" />
    <ClCompile Include="src\materials\WaterMaterial.cpp" />
    <ClCompile Include="src\postEffects\OceanPostProcess.cpp" />
  </ItemGroup>
  <ItemGroup>
    <ClInclude Include="resource.h" />
    <ClInclude Include="src\gameobjects\CameraObject.h" />
    <ClInclude Include="src\gameobjects\Broadside.h" />
    <ClInclude Include="src\gameobjects\Projectile.h" />
    <ClInclude Include="src\gameobjects\Ship.h" />
    <ClInclude Include="src\gameobjects\TerrainObject.h" />
    <ClInclude Include="src\gameobjects\TestDirectionalLight.h" />
    <ClInclude Include="src\gameobjects\WaterObject.h" />
    <ClInclude Include="src\materials\PhongMaterial.h" />
    <ClInclude Include="src\materials\TerrainMaterial.h" />
    <ClInclude Include="src\materials\WaterMaterial.h" />
    <ClInclude Include="src\scenes\GameScene.h" />
    <ClInclude Include="src\scenes\LoadScreenScene.h" />
    <ClInclude Include="src\scenes\MenuScene.h" />
    <ClInclude Include="src\postEffects\OceanPostProcess.h" />
    <ClInclude Include="src\postEffects\testEffect.h" />
    <ClInclude Include="src\gameobjects\MainMenuObject.h" />
  </ItemGroup>
  <ItemGroup>
    <ResourceCompile Include="Plunder Planets.rc" />
  </ItemGroup>
  <ItemGroup>
    <Image Include="thomas.ico" />
  </ItemGroup>
</Project>