<?xml version="1.0" encoding="utf-8"?>
<Project ToolsVersion="4.0" xmlns="http://schemas.microsoft.com/developer/msbuild/2003">
  <ItemGroup>
    <ClCompile Include="src\graphics\Material.cpp" />
    <ClCompile Include="src\graphics\Mesh.cpp" />
    <ClCompile Include="src\graphics\Model.cpp" />
    <ClCompile Include="src\graphics\Renderer.cpp" />
    <ClCompile Include="src\graphics\Shader.cpp" />
    <ClCompile Include="src\graphics\Texture.cpp" />
    <ClCompile Include="src\Input.cpp" />
    <ClCompile Include="src\object\component\Camera.cpp" />
    <ClCompile Include="src\object\component\Component.cpp" />
    <ClCompile Include="src\object\component\RenderComponent.cpp" />
    <ClCompile Include="src\object\component\Transform.cpp" />
    <ClCompile Include="src\object\GameObject.cpp" />
    <ClCompile Include="src\object\Object.cpp" />
    <ClCompile Include="src\ThomasCore.cpp" />
    <ClCompile Include="src\Time.cpp" />
    <ClCompile Include="src\utils\AssimpLoader.cpp" />
    <ClCompile Include="src\utils\D3d.cpp" />
    <ClCompile Include="src\utils\directXTK\AudioEngine.cpp" />
    <ClCompile Include="src\utils\directXTK\DDSTextureLoader.cpp" />
    <ClCompile Include="src\utils\directXTK\DynamicSoundEffectInstance.cpp" />
    <ClCompile Include="src\utils\directXTK\GamePad.cpp" />
    <ClCompile Include="src\utils\directXTK\Keyboard.cpp" />
    <ClCompile Include="src\utils\directXTK\Mouse.cpp" />
    <ClCompile Include="src\utils\directXTK\pch.cpp" />
    <ClCompile Include="src\utils\directXTK\SimpleMath.cpp" />
    <ClCompile Include="src\utils\directXTK\SoundCommon.cpp" />
    <ClCompile Include="src\utils\directXTK\SoundEffect.cpp" />
    <ClCompile Include="src\utils\directXTK\SoundEffectInstance.cpp" />
    <ClCompile Include="src\utils\directXTK\WaveBank.cpp" />
    <ClCompile Include="src\utils\directXTK\WaveBankReader.cpp" />
    <ClCompile Include="src\utils\directXTK\WAVFileReader.cpp" />
    <ClCompile Include="src\utils\directXTK\WICTextureLoader.cpp" />
    <ClCompile Include="src\Window.cpp" />
    <ClCompile Include="src\graphics\Material.cpp" />
    <ClCompile Include="src\Terrain\Terrain.cpp" />
    <ClCompile Include="src\utils\HeightMap.cpp" />
    <ClCompile Include="src\utils\Plane.cpp" />
    <ClCompile Include="src\Islands.cpp" />
    <ClCompile Include="src\object\component\Light.cpp" />
    <ClCompile Include="src\graphics\LightManager.cpp" />
    <ClCompile Include="src\graphics\Skybox.cpp" />
    <ClCompile Include="src\Sound.cpp" />
    <ClCompile Include="src\graphics\Bitmap.cpp" />
    <ClCompile Include="src\object\component\SoundComponent.cpp" />
    <ClCompile Include="src\utils\Ocean\FFT\fft_512x512_c2c.cpp" />
    <ClCompile Include="src\utils\Ocean\OceanSimulator.cpp" />
    <ClCompile Include="src\utils\BezierCurve.cpp" />
    <ClCompile Include="src\graphics\PostEffect.cpp" />
    <ClCompile Include="src\graphics\TextRender.cpp" />
    <ClCompile Include="src\object\component\TextComponent.cpp" />
    <ClCompile Include="src\graphics\Sprite.cpp" />
    <ClCompile Include="src\object\component\SpriteComponent.cpp" />
  </ItemGroup>
  <ItemGroup>
    <ClInclude Include="src\graphics\Material.h" />
    <ClInclude Include="src\Common.h" />
    <ClInclude Include="src\graphics\Mesh.h" />
    <ClInclude Include="src\graphics\Model.h" />
    <ClInclude Include="src\graphics\Renderer.h" />
    <ClInclude Include="src\graphics\Shader.h" />
    <ClInclude Include="src\graphics\Texture.h" />
    <ClInclude Include="src\Input.h" />
    <ClInclude Include="src\object\component\Camera.h" />
    <ClInclude Include="src\object\component\Component.h" />
    <ClInclude Include="src\object\component\Components.h" />
    <ClInclude Include="src\object\component\RenderComponent.h" />
    <ClInclude Include="src\object\component\Transform.h" />
    <ClInclude Include="src\object\GameObject.h" />
    <ClInclude Include="src\object\Object.h" />
    <ClInclude Include="src\Thomas.h" />
    <ClInclude Include="src\ThomasCore.h" />
    <ClInclude Include="src\Time.h" />
    <ClInclude Include="src\utils\AssimpLoader.h" />
    <ClInclude Include="src\utils\d3d.h" />
    <ClInclude Include="src\utils\directXTK\Audio.h" />
    <ClInclude Include="src\utils\directXTK\dds.h" />
    <ClInclude Include="src\utils\directXTK\DDSTextureLoader.h" />
    <ClInclude Include="src\utils\directXTK\DirectXHelpers.h" />
    <ClInclude Include="src\utils\directXTK\GamePad.h" />
    <ClInclude Include="src\utils\directXTK\Keyboard.h" />
    <ClInclude Include="src\utils\directXTK\LoaderHelpers.h" />
    <ClInclude Include="src\utils\directXTK\Mouse.h" />
    <ClInclude Include="src\utils\directXTK\pch.h" />
    <ClInclude Include="src\utils\directXTK\PlatformHelpers.h" />
    <ClInclude Include="src\utils\directXTK\SimpleMath.h" />
    <ClInclude Include="src\utils\directXTK\SoundCommon.h" />
    <ClInclude Include="src\utils\directXTK\WaveBankReader.h" />
    <ClInclude Include="src\utils\directXTK\WAVFileReader.h" />
    <ClInclude Include="src\utils\directXTK\WICTextureLoader.h" />
    <ClInclude Include="src\utils\Math.h" />
    <ClInclude Include="src\Window.h" />
    <ClInclude Include="src\utils\Plane.h" />
    <ClInclude Include="src\graphics\Material.h" />
    <ClInclude Include="src\Terrain\Terrain.h" />
    <ClInclude Include="src\utils\HeightMap.h" />
    <ClInclude Include="src\Islands.h" />
    <ClInclude Include="src\object\component\Light.h" />
    <ClInclude Include="src\graphics\LightManager.h" />
    <ClInclude Include="src\graphics\Skybox.h" />
    <ClInclude Include="src\Sound.h" />
    <ClInclude Include="src\utils\Ocean\FFT\fft_512x512.h" />
    <ClInclude Include="src\utils\Ocean\OceanSimulator.h" />
    <ClInclude Include="src\graphics\Bitmap.h" />
    <ClInclude Include="src\object\component\SoundComponent.h" />
    <ClInclude Include="src\graphics\PostEffect.h" />
    <ClInclude Include="src\utils\BezierCurve.h" />
    <ClInclude Include="src\graphics\TextRender.h" />
    <ClInclude Include="src\object\component\TextComponent.h" />
    <ClInclude Include="src\graphics\Sprite.h" />
    <ClInclude Include="src\object\component\SpriteComponent.h" />
  </ItemGroup>
  <ItemGroup>
    <None Include="src\utils\directXTK\SimpleMath.inl" />
    <None Include="packages.config" />
  </ItemGroup>
</Project>