<?xml version="1.0" encoding="utf-8"?>
<Project ToolsVersion="4.0" xmlns="http://schemas.microsoft.com/developer/msbuild/2003">
  <ItemGroup>
    <ClCompile Include="graphics\shader\Shader.cpp" />
    <ClCompile Include="graphics\shader\ShaderManager.cpp" />
    <ClCompile Include="Input.cpp" />
    <ClCompile Include="Mesh.cpp" />
    <ClCompile Include="ThomasCore.cpp" />
    <ClCompile Include="utils\D3d.cpp" />
    <ClCompile Include="utils\directXTK\DDSTextureLoader.cpp" />
    <ClCompile Include="utils\directXTK\GamePad.cpp" />
    <ClCompile Include="utils\directXTK\Keyboard.cpp" />
    <ClCompile Include="utils\directXTK\Mouse.cpp" />
    <ClCompile Include="utils\directXTK\pch.cpp" />
    <ClCompile Include="utils\directXTK\SimpleMath.cpp" />
    <ClCompile Include="utils\directXTK\WICTextureLoader.cpp" />
    <ClCompile Include="Window.cpp" />
    <ClCompile Include="AssimpLoader.cpp" />
  </ItemGroup>
  <ItemGroup>
    <ClInclude Include="Common.h" />
    <ClInclude Include="graphics\shader\Shader.h" />
    <ClInclude Include="graphics\shader\ShaderManager.h" />
    <ClInclude Include="Input.h" />
    <ClInclude Include="Mesh.h" />
    <ClInclude Include="Thomas.h" />
    <ClInclude Include="ThomasCore.h" />
    <ClInclude Include="utils\directXTK\dds.h" />
    <ClInclude Include="utils\directXTK\DDSTextureLoader.h" />
    <ClInclude Include="utils\d3d.h" />
    <ClInclude Include="utils\directXTK\DirectXHelpers.h" />
    <ClInclude Include="utils\directXTK\GamePad.h" />
    <ClInclude Include="utils\directXTK\Keyboard.h" />
    <ClInclude Include="utils\directXTK\LoaderHelpers.h" />
    <ClInclude Include="utils\directXTK\Mouse.h" />
    <ClInclude Include="utils\directXTK\pch.h" />
    <ClInclude Include="utils\directXTK\PlatformHelpers.h" />
    <ClInclude Include="utils\directXTK\SimpleMath.h" />
    <ClInclude Include="utils\directXTK\WICTextureLoader.h" />
    <ClInclude Include="Window.h" />
    <ClInclude Include="utils\Math.h" />
    <ClInclude Include="AssimpLoader.h" />
  </ItemGroup>
  <ItemGroup>
    <None Include="utils\directXTK\SimpleMath.inl" />
  </ItemGroup>
</Project>